# Audited upstream sources for the checked-in native artifacts.
LIBSSH2_VERSION="1.11.1"
LIBSSH2_TAG="libssh2-1.11.1"
LIBSSH2_COMMIT="a312b43325e3383c865a87bb1d26cb52e3292641"
LIBSSH2_URL="https://libssh2.org/download/libssh2-1.11.1.tar.gz"
LIBSSH2_SHA256="d9ec76cbe34db98eec3539fe2c899d26b0c837cb3eb466a56b0f109cabf658f7"

OPENSSL_VERSION="3.6.3"
OPENSSL_TAG="openssl-3.6.3"
OPENSSL_COMMIT="aae016bfd52fcad2bc9657c2c782cfdf73b1ed5f"
OPENSSL_URL="https://github.com/openssl/openssl/releases/download/openssl-3.6.3/openssl-3.6.3.tar.gz"
OPENSSL_SHA256="243a86649cf6f23eeb6a2ff2456e09e5d77dd9018a54d3d96b0c6bdd6ba6c7f1"
